
Microsoft Visual Studio Solution File, Format Version 12.00
# Visual Studio 14
VisualStudioVersion = 14.0.24720.0
MinimumVisualStudioVersion = 10.0.40219.1
Project("{FAE04EC0-301F-11D3-BF4B-00C04F79EFBC}") = "mvc+ef", "mvc+ef\mvc+ef.csproj", "{BD0AE64D-6881-4E65-9AC8-13F71A071081}"
EndProject
Project("{FAE04EC0-301F-11D3-BF4B-00C04F79EFBC}") = "Model", "Model\Model.csproj", "{4E74B6B5-78F2-4668-A06D-0780E55B1B9E}"
EndProject
Project("{FAE04EC0-301F-11D3-BF4B-00C04F79EFBC}") = "DLL", "DLL\DLL.csproj", "{33BFF9D6-ABCB-4C17-989C-85F5D95A4CB7}"
EndProject
Global
	GlobalSection(SolutionConfigurationPlatforms) = preSolution
		Debug|Any CPU = Debug|Any CPU
		Release|Any CPU = Release|Any CPU
	EndGlobalSection
	GlobalSection(ProjectConfigurationPlatforms) = postSolution
		{BD0AE64D-6881-4E65-9AC8-13F71A071081}.Debug|Any CPU.ActiveCfg = Debug|Any CPU
		{BD0AE64D-6881-4E65-9AC8-13F71A071081}.Debug|Any CPU.Build.0 = Debug|Any CPU
		{BD0AE64D-6881-4E65-9AC8-13F71A071081}.Release|Any CPU.ActiveCfg = Release|Any CPU
		{BD0AE64D-6881-4E65-9AC8-13F71A071081}.Release|Any CPU.Build.0 = Release|Any CPU
		{4E74B6B5-78F2-4668-A06D-0780E55B1B9E}.Debug|Any CPU.ActiveCfg = Debug|Any CPU
		{4E74B6B5-78F2-4668-A06D-0780E55B1B9E}.Debug|Any CPU.Build.0 = Debug|Any CPU
		{4E74B6B5-78F2-4668-A06D-0780E55B1B9E}.Release|Any CPU.ActiveCfg = Release|Any CPU
		{4E74B6B5-78F2-4668-A06D-0780E55B1B9E}.Release|Any CPU.Build.0 = Release|Any CPU
		{33BFF9D6-ABCB-4C17-989C-85F5D95A4CB7}.Debug|Any CPU.ActiveCfg = Debug|Any CPU
		{33BFF9D6-ABCB-4C17-989C-85F5D95A4CB7}.Debug|Any CPU.Build.0 = Debug|Any CPU
		{33BFF9D6-ABCB-4C17-989C-85F5D95A4CB7}.Release|Any CPU.ActiveCfg = Release|Any CPU
		{33BFF9D6-ABCB-4C17-989C-85F5D95A4CB7}.Release|Any CPU.Build.0 = Release|Any CPU
	EndGlobalSection
	GlobalSection(SolutionProperties) = preSolution
		HideSolutionNode = FALSE
	EndGlobalSection
EndGlobal
